
Microsoft Visual Studio Solution File, Format Version 12.00
# Visual Studio Version 17
VisualStudioVersion = 17.0.31903.59
MinimumVisualStudioVersion = 10.0.40219.1
Project("{FAE04EC0-301F-11D3-BF4B-00C04F79EFBC}") = "Exercicio3 API Estacionamento", "Exercicio3 API Estacionamento\Exercicio3 API Estacionamento.csproj", "{46975CEC-A36F-4BAD-98E1-4D95DFB64871}"
EndProject
Global
	GlobalSection(SolutionConfigurationPlatforms) = preSolution
		Debug|Any CPU = Debug|Any CPU
		Release|Any CPU = Release|Any CPU
	EndGlobalSection
	GlobalSection(ProjectConfigurationPlatforms) = postSolution
		{46975CEC-A36F-4BAD-98E1-4D95DFB64871}.Debug|Any CPU.ActiveCfg = Debug|Any CPU
		{46975CEC-A36F-4BAD-98E1-4D95DFB64871}.Debug|Any CPU.Build.0 = Debug|Any CPU
		{46975CEC-A36F-4BAD-98E1-4D95DFB64871}.Release|Any CPU.ActiveCfg = Release|Any CPU
		{46975CEC-A36F-4BAD-98E1-4D95DFB64871}.Release|Any CPU.Build.0 = Release|Any CPU
	EndGlobalSection
	GlobalSection(SolutionProperties) = preSolution
		HideSolutionNode = FALSE
	EndGlobalSection
	GlobalSection(ExtensibilityGlobals) = postSolution
		SolutionGuid = {A3D8B104-C27F-454E-95F1-B5D030B88F2E}
	EndGlobalSection
EndGlobal
